
Microsoft Visual Studio Solution File, Format Version 12.00
# Visual Studio Version 16
VisualStudioVersion = 16.0.31112.23
MinimumVisualStudioVersion = 10.0.40219.1
Project("{8BC9CEB8-8B4A-11D0-8D11-00A0C91BC942}") = "MDK 01.01 11.02.21", "MDK 01.01 11.02.21\MDK 01.01 11.02.21.vcxproj", "{3CA9257A-8E24-4E9B-A805-F7D54637A814}"
EndProject
Global
	GlobalSection(SolutionConfigurationPlatforms) = preSolution
		Debug|x64 = Debug|x64
		Debug|x86 = Debug|x86
		Release|x64 = Release|x64
		Release|x86 = Release|x86
	EndGlobalSection
	GlobalSection(ProjectConfigurationPlatforms) = postSolution
		{3CA9257A-8E24-4E9B-A805-F7D54637A814}.Debug|x64.ActiveCfg = Debug|x64
		{3CA9257A-8E24-4E9B-A805-F7D54637A814}.Debug|x64.Build.0 = Debug|x64
		{3CA9257A-8E24-4E9B-A805-F7D54637A814}.Debug|x86.ActiveCfg = Debug|Win32
		{3CA9257A-8E24-4E9B-A805-F7D54637A814}.Debug|x86.Build.0 = Debug|Win32
		{3CA9257A-8E24-4E9B-A805-F7D54637A814}.Release|x64.ActiveCfg = Release|x64
		{3CA9257A-8E24-4E9B-A805-F7D54637A814}.Release|x64.Build.0 = Release|x64
		{3CA9257A-8E24-4E9B-A805-F7D54637A814}.Release|x86.ActiveCfg = Release|Win32
		{3CA9257A-8E24-4E9B-A805-F7D54637A814}.Release|x86.Build.0 = Release|Win32
	EndGlobalSection
	GlobalSection(SolutionProperties) = preSolution
		HideSolutionNode = FALSE
	EndGlobalSection
	GlobalSection(ExtensibilityGlobals) = postSolution
		SolutionGuid = {C1595569-F862-4F4B-B893-0782AB22F2F4}
	EndGlobalSection
EndGlobal
